
Microsoft Visual Studio Solution File, Format Version 12.00
# Visual Studio Version 16
VisualStudioVersion = 16.0.30621.155
MinimumVisualStudioVersion = 10.0.40219.1
Project("{FAE04EC0-301F-11D3-BF4B-00C04F79EFBC}") = "IShop", "IShop\IShop.csproj", "{982981B5-19DB-42E8-90CB-DC647130EDFA}"
EndProject
Global
	GlobalSection(SolutionConfigurationPlatforms) = preSolution
		Debug|Any CPU = Debug|Any CPU
		Release|Any CPU = Release|Any CPU
	EndGlobalSection
	GlobalSection(ProjectConfigurationPlatforms) = postSolution
		{982981B5-19DB-42E8-90CB-DC647130EDFA}.Debug|Any CPU.ActiveCfg = Debug|Any CPU
		{982981B5-19DB-42E8-90CB-DC647130EDFA}.Debug|Any CPU.Build.0 = Debug|Any CPU
		{982981B5-19DB-42E8-90CB-DC647130EDFA}.Release|Any CPU.ActiveCfg = Release|Any CPU
		{982981B5-19DB-42E8-90CB-DC647130EDFA}.Release|Any CPU.Build.0 = Release|Any CPU
	EndGlobalSection
	GlobalSection(SolutionProperties) = preSolution
		HideSolutionNode = FALSE
	EndGlobalSection
	GlobalSection(ExtensibilityGlobals) = postSolution
		SolutionGuid = {93C728F3-F0B0-4426-AC26-C7A4CF1134CE}
	EndGlobalSection
EndGlobal
